
Microsoft Visual Studio Solution File, Format Version 12.00
# Visual Studio 14
VisualStudioVersion = 14.0.25420.1
MinimumVisualStudioVersion = 10.0.40219.1
Project("{FAE04EC0-301F-11D3-BF4B-00C04F79EFBC}") = "Server", "Server\Server.csproj", "{E159959F-C084-46AF-B5BA-063E51A9F59A}"
EndProject
Project("{FAE04EC0-301F-11D3-BF4B-00C04F79EFBC}") = "Client", "Client\Client.csproj", "{FD3BCCE5-9ACC-44CA-8066-7F108012B5B6}"
EndProject
Global
	GlobalSection(SolutionConfigurationPlatforms) = preSolution
		Debug|Any CPU = Debug|Any CPU
		Release|Any CPU = Release|Any CPU
	EndGlobalSection
	GlobalSection(ProjectConfigurationPlatforms) = postSolution
		{E159959F-C084-46AF-B5BA-063E51A9F59A}.Debug|Any CPU.ActiveCfg = Debug|Any CPU
		{E159959F-C084-46AF-B5BA-063E51A9F59A}.Debug|Any CPU.Build.0 = Debug|Any CPU
		{E159959F-C084-46AF-B5BA-063E51A9F59A}.Release|Any CPU.ActiveCfg = Release|Any CPU
		{E159959F-C084-46AF-B5BA-063E51A9F59A}.Release|Any CPU.Build.0 = Release|Any CPU
		{FD3BCCE5-9ACC-44CA-8066-7F108012B5B6}.Debug|Any CPU.ActiveCfg = Debug|Any CPU
		{FD3BCCE5-9ACC-44CA-8066-7F108012B5B6}.Debug|Any CPU.Build.0 = Debug|Any CPU
		{FD3BCCE5-9ACC-44CA-8066-7F108012B5B6}.Release|Any CPU.ActiveCfg = Release|Any CPU
		{FD3BCCE5-9ACC-44CA-8066-7F108012B5B6}.Release|Any CPU.Build.0 = Release|Any CPU
	EndGlobalSection
	GlobalSection(SolutionProperties) = preSolution
		HideSolutionNode = FALSE
	EndGlobalSection
EndGlobal
